
Microsoft Visual Studio Solution File, Format Version 12.00
# Visual Studio Version 17
VisualStudioVersion = 17.5.33414.496
MinimumVisualStudioVersion = 10.0.40219.1
Project("{FAE04EC0-301F-11D3-BF4B-00C04F79EFBC}") = "Enumerables.console", "Enumerables.console.csproj", "{40C35528-8EB8-4046-A415-ED51F80819F9}"
EndProject
Global
	GlobalSection(SolutionConfigurationPlatforms) = preSolution
		Debug|Any CPU = Debug|Any CPU
		Release|Any CPU = Release|Any CPU
	EndGlobalSection
	GlobalSection(ProjectConfigurationPlatforms) = postSolution
		{40C35528-8EB8-4046-A415-ED51F80819F9}.Debug|Any CPU.ActiveCfg = Debug|Any CPU
		{40C35528-8EB8-4046-A415-ED51F80819F9}.Debug|Any CPU.Build.0 = Debug|Any CPU
		{40C35528-8EB8-4046-A415-ED51F80819F9}.Release|Any CPU.ActiveCfg = Release|Any CPU
		{40C35528-8EB8-4046-A415-ED51F80819F9}.Release|Any CPU.Build.0 = Release|Any CPU
	EndGlobalSection
	GlobalSection(SolutionProperties) = preSolution
		HideSolutionNode = FALSE
	EndGlobalSection
	GlobalSection(ExtensibilityGlobals) = postSolution
		SolutionGuid = {44DF3F13-7BE6-4EFA-90CC-D8C9FE2C2CA8}
	EndGlobalSection
EndGlobal
